
Microsoft Visual Studio Solution File, Format Version 12.00
# Visual Studio Version 16
VisualStudioVersion = 16.0.28711.60
MinimumVisualStudioVersion = 10.0.40219.1
Project("{9A19103F-16F7-4668-BE54-9A1E7A4F7556}") = "Darl.GraphQL", "Darl.GraphQL\Darl.GraphQL.csproj", "{88E5A55B-7ADD-4DB2-AFEB-D332C0E6285F}"
EndProject
Project("{9A19103F-16F7-4668-BE54-9A1E7A4F7556}") = "Darl.GraphQL.Models", "Darl.GraphQL.Models\Darl.GraphQL.Models.csproj", "{B827A695-1464-4655-8339-3786064CCB28}"
EndProject
Project("{9A19103F-16F7-4668-BE54-9A1E7A4F7556}") = "Darl.GraphQL.Test", "Darl.GraphQL.Test\Darl.GraphQL.Test.csproj", "{13DF51B0-9234-43F9-9DAC-75BD8CCB0C85}"
EndProject
Project("{FAE04EC0-301F-11D3-BF4B-00C04F79EFBC}") = "Darl.GraphQL.Web", "Darl.GraphQL.Web\Darl.GraphQL.Web.csproj", "{C7E6B579-462B-415D-AFA5-1F93AD7867F0}"
EndProject
Global
	GlobalSection(SolutionConfigurationPlatforms) = preSolution
		Debug|Any CPU = Debug|Any CPU
		Release|Any CPU = Release|Any CPU
	EndGlobalSection
	GlobalSection(ProjectConfigurationPlatforms) = postSolution
		{88E5A55B-7ADD-4DB2-AFEB-D332C0E6285F}.Debug|Any CPU.ActiveCfg = Debug|Any CPU
		{88E5A55B-7ADD-4DB2-AFEB-D332C0E6285F}.Debug|Any CPU.Build.0 = Debug|Any CPU
		{88E5A55B-7ADD-4DB2-AFEB-D332C0E6285F}.Release|Any CPU.ActiveCfg = Release|Any CPU
		{88E5A55B-7ADD-4DB2-AFEB-D332C0E6285F}.Release|Any CPU.Build.0 = Release|Any CPU
		{B827A695-1464-4655-8339-3786064CCB28}.Debug|Any CPU.ActiveCfg = Debug|Any CPU
		{B827A695-1464-4655-8339-3786064CCB28}.Debug|Any CPU.Build.0 = Debug|Any CPU
		{B827A695-1464-4655-8339-3786064CCB28}.Release|Any CPU.ActiveCfg = Release|Any CPU
		{B827A695-1464-4655-8339-3786064CCB28}.Release|Any CPU.Build.0 = Release|Any CPU
		{13DF51B0-9234-43F9-9DAC-75BD8CCB0C85}.Debug|Any CPU.ActiveCfg = Debug|Any CPU
		{13DF51B0-9234-43F9-9DAC-75BD8CCB0C85}.Debug|Any CPU.Build.0 = Debug|Any CPU
		{13DF51B0-9234-43F9-9DAC-75BD8CCB0C85}.Release|Any CPU.ActiveCfg = Release|Any CPU
		{13DF51B0-9234-43F9-9DAC-75BD8CCB0C85}.Release|Any CPU.Build.0 = Release|Any CPU
		{C7E6B579-462B-415D-AFA5-1F93AD7867F0}.Debug|Any CPU.ActiveCfg = Debug|Any CPU
		{C7E6B579-462B-415D-AFA5-1F93AD7867F0}.Debug|Any CPU.Build.0 = Debug|Any CPU
		{C7E6B579-462B-415D-AFA5-1F93AD7867F0}.Release|Any CPU.ActiveCfg = Release|Any CPU
		{C7E6B579-462B-415D-AFA5-1F93AD7867F0}.Release|Any CPU.Build.0 = Release|Any CPU
	EndGlobalSection
	GlobalSection(SolutionProperties) = preSolution
		HideSolutionNode = FALSE
	EndGlobalSection
	GlobalSection(ExtensibilityGlobals) = postSolution
		SolutionGuid = {762061E2-E70B-459D-86F8-D91A7471E3A1}
	EndGlobalSection
EndGlobal
