
Microsoft Visual Studio Solution File, Format Version 12.00
# Visual Studio Version 17
VisualStudioVersion = 17.0.31825.309
MinimumVisualStudioVersion = 10.0.40219.1
Project("{9A19103F-16F7-4668-BE54-9A1E7A4F7556}") = "Darl.GraphQL", "Darl.GraphQL\Darl.GraphQL.csproj", "{88E5A55B-7ADD-4DB2-AFEB-D332C0E6285F}"
EndProject
Project("{9A19103F-16F7-4668-BE54-9A1E7A4F7556}") = "Darl.GraphQL.Test", "Darl.GraphQL.Test\Darl.GraphQL.Test.csproj", "{13DF51B0-9234-43F9-9DAC-75BD8CCB0C85}"
EndProject
Project("{9A19103F-16F7-4668-BE54-9A1E7A4F7556}") = "Darl.GraphQL.Process", "Darl.GraphQL.Process\Darl.GraphQL.Process.csproj", "{2C5E0900-B138-401D-BABA-89B265AAF6FC}"
EndProject
Project("{2150E333-8FDC-42A3-9474-1A3956D46DE8}") = "Solution Items", "Solution Items", "{5157C27D-CA32-4014-AF9C-CA09C7BA1733}"
	ProjectSection(SolutionItems) = preProject
		.editorconfig = .editorconfig
		.filenesting.json = .filenesting.json
	EndProjectSection
EndProject
Project("{E53339B2-1760-4266-BCC7-CA923CBCF16C}") = "docker-compose", "docker-compose.dcproj", "{228BADC3-1947-49E9-A08F-306E9EC4AD35}"
EndProject
Project("{9A19103F-16F7-4668-BE54-9A1E7A4F7556}") = "Darl.ai", "Darl.ai\Darl.ai\Darl.ai.csproj", "{09E472E0-1B1D-406C-8EAB-84ED75E90B08}"
EndProject
Project("{9A19103F-16F7-4668-BE54-9A1E7A4F7556}") = "Darl.ai.tests", "Darl.ai.tests\Darl.ai.tests.csproj", "{A64AA246-CC2B-4051-A1F7-C3A0B1B369D4}"
EndProject
Global
	GlobalSection(SolutionConfigurationPlatforms) = preSolution
		Debug|Any CPU = Debug|Any CPU
		Release|Any CPU = Release|Any CPU
	EndGlobalSection
	GlobalSection(ProjectConfigurationPlatforms) = postSolution
		{88E5A55B-7ADD-4DB2-AFEB-D332C0E6285F}.Debug|Any CPU.ActiveCfg = Debug|Any CPU
		{88E5A55B-7ADD-4DB2-AFEB-D332C0E6285F}.Debug|Any CPU.Build.0 = Debug|Any CPU
		{88E5A55B-7ADD-4DB2-AFEB-D332C0E6285F}.Release|Any CPU.ActiveCfg = Release|Any CPU
		{88E5A55B-7ADD-4DB2-AFEB-D332C0E6285F}.Release|Any CPU.Build.0 = Release|Any CPU
		{13DF51B0-9234-43F9-9DAC-75BD8CCB0C85}.Debug|Any CPU.ActiveCfg = Debug|Any CPU
		{13DF51B0-9234-43F9-9DAC-75BD8CCB0C85}.Debug|Any CPU.Build.0 = Debug|Any CPU
		{13DF51B0-9234-43F9-9DAC-75BD8CCB0C85}.Release|Any CPU.ActiveCfg = Release|Any CPU
		{13DF51B0-9234-43F9-9DAC-75BD8CCB0C85}.Release|Any CPU.Build.0 = Release|Any CPU
		{2C5E0900-B138-401D-BABA-89B265AAF6FC}.Debug|Any CPU.ActiveCfg = Debug|Any CPU
		{2C5E0900-B138-401D-BABA-89B265AAF6FC}.Debug|Any CPU.Build.0 = Debug|Any CPU
		{2C5E0900-B138-401D-BABA-89B265AAF6FC}.Release|Any CPU.ActiveCfg = Release|Any CPU
		{2C5E0900-B138-401D-BABA-89B265AAF6FC}.Release|Any CPU.Build.0 = Release|Any CPU
		{228BADC3-1947-49E9-A08F-306E9EC4AD35}.Debug|Any CPU.ActiveCfg = Debug|Any CPU
		{228BADC3-1947-49E9-A08F-306E9EC4AD35}.Debug|Any CPU.Build.0 = Debug|Any CPU
		{228BADC3-1947-49E9-A08F-306E9EC4AD35}.Release|Any CPU.ActiveCfg = Release|Any CPU
		{228BADC3-1947-49E9-A08F-306E9EC4AD35}.Release|Any CPU.Build.0 = Release|Any CPU
		{09E472E0-1B1D-406C-8EAB-84ED75E90B08}.Debug|Any CPU.ActiveCfg = Debug|Any CPU
		{09E472E0-1B1D-406C-8EAB-84ED75E90B08}.Debug|Any CPU.Build.0 = Debug|Any CPU
		{09E472E0-1B1D-406C-8EAB-84ED75E90B08}.Release|Any CPU.ActiveCfg = Release|Any CPU
		{09E472E0-1B1D-406C-8EAB-84ED75E90B08}.Release|Any CPU.Build.0 = Release|Any CPU
		{A64AA246-CC2B-4051-A1F7-C3A0B1B369D4}.Debug|Any CPU.ActiveCfg = Debug|Any CPU
		{A64AA246-CC2B-4051-A1F7-C3A0B1B369D4}.Debug|Any CPU.Build.0 = Debug|Any CPU
		{A64AA246-CC2B-4051-A1F7-C3A0B1B369D4}.Release|Any CPU.ActiveCfg = Release|Any CPU
		{A64AA246-CC2B-4051-A1F7-C3A0B1B369D4}.Release|Any CPU.Build.0 = Release|Any CPU
	EndGlobalSection
	GlobalSection(SolutionProperties) = preSolution
		HideSolutionNode = FALSE
	EndGlobalSection
	GlobalSection(ExtensibilityGlobals) = postSolution
		SolutionGuid = {762061E2-E70B-459D-86F8-D91A7471E3A1}
	EndGlobalSection
EndGlobal
